<?xml version="1.0" encoding="utf-8"?>
<Project ToolsVersion="4.0" xmlns="http://schemas.microsoft.com/developer/msbuild/2003">
  <ItemGroup>
    <Filter Include="Source Files">
      <UniqueIdentifier>{4FC737F1-C7A5-4376-A066-2A32D752A2FF}</UniqueIdentifier>
      <Extensions>cpp;c;cc;cxx;def;odl;idl;hpj;bat;asm;asmx</Extensions>
    </Filter>
    <Filter Include="Header Files">
      <UniqueIdentifier>{93995380-89BD-4b04-88EB-625FBE52EBFB}</UniqueIdentifier>
      <Extensions>h;hh;hpp;hxx;hm;inl;inc;xsd</Extensions>
    </Filter>
    <Filter Include="Resource Files">
      <UniqueIdentifier>{67DA6AB6-F800-4c08-8B7A-83BB121AAD01}</UniqueIdentifier>
      <Extensions>rc;ico;cur;bmp;dlg;rc2;rct;bin;rgs;gif;jpg;jpeg;jpe;resx;tiff;tif;png;wav;mfcribbon-ms</Extensions>
    </Filter>
  </ItemGroup>
  <ItemGroup>
    <ClInclude Include="StrategyController.h">
      <Filter>Header Files</Filter>
    </ClInclude>
    <ClInclude Include="..\..\Strategy\Common\VirtualRosbee.h">
      <Filter>Header Files</Filter>
    </ClInclude>
    <ClInclude Include="..\..\Strategy\Common\waypoint.h">
      <Filter>Header Files</Filter>
    </ClInclude>
    <ClInclude Include="..\..\Strategy\Common\dimension.h">
      <Filter>Header Files</Filter>
    </ClInclude>
    <ClInclude Include="..\..\Strategy\Common\route.h">
      <Filter>Header Files</Filter>
    </ClInclude>
    <ClInclude Include="..\..\Strategy\Common\VirtualATV.h">
      <Filter>Header Files</Filter>
    </ClInclude>
    <ClInclude Include="..\..\Strategy\Common\VirtualLidar.h">
      <Filter>Header Files</Filter>
    </ClInclude>
    <ClInclude Include="..\..\Strategy\Common\VirtualQuadCopter.h">
      <Filter>Header Files</Filter>
    </ClInclude>
    <ClInclude Include="..\..\Strategy\pathfinding\AreaCoverage\areacoveringalgorithm.h">
      <Filter>Header Files</Filter>
    </ClInclude>
    <ClInclude Include="..\..\Strategy\pathfinding\AStar\Container.h">
      <Filter>Header Files</Filter>
    </ClInclude>
    <ClInclude Include="..\..\Strategy\pathfinding\AStar\MapSearchNode.h">
      <Filter>Header Files</Filter>
    </ClInclude>
    <ClInclude Include="..\..\Strategy\pathfinding\VSLAM\Container.h">
      <Filter>Header Files</Filter>
    </ClInclude>
    <ClInclude Include="..\..\Strategy\pathfinding\VSLAM\mapLogicVSLAM.h">
      <Filter>Header Files</Filter>
    </ClInclude>
    <ClInclude Include="..\..\Strategy\pathfinding\VSLAM\scanArea.h">
      <Filter>Header Files</Filter>
    </ClInclude>
    <ClInclude Include="..\..\Strategy\pathfinding\VSLAM\Test.h">
      <Filter>Header Files</Filter>
    </ClInclude>
    <ClInclude Include="..\..\Strategy\pathfinding\VSLAM\VSLAM.h">
      <Filter>Header Files</Filter>
    </ClInclude>
    <ClInclude Include="..\..\Strategy\pathfinding\Stop-them-spaces\mapImplementation.hpp">
      <Filter>Header Files</Filter>
    </ClInclude>
    <ClInclude Include="..\..\Strategy\pathfinding\Stop-them-spaces\aStar.h">
      <Filter>Header Files</Filter>
    </ClInclude>
    <ClInclude Include="..\..\Map\polygon.h">
      <Filter>Header Files</Filter>
    </ClInclude>
    <ClInclude Include="..\..\Map\line.hpp">
      <Filter>Header Files</Filter>
    </ClInclude>
    <ClInclude Include="..\..\Map\mapFactory.h">
      <Filter>Header Files</Filter>
    </ClInclude>
    <ClInclude Include="..\..\Map\point.hpp">
      <Filter>Header Files</Filter>
    </ClInclude>
    <ClInclude Include="..\..\Map\MapStructure\map.hpp">
      <Filter>Header Files</Filter>
    </ClInclude>
  </ItemGroup>
  <ItemGroup>
    <ClCompile Include="StrategyController.cpp">
      <Filter>Source Files</Filter>
    </ClCompile>
    <ClCompile Include="..\..\Modules\Mission1\mission.cpp">
      <Filter>Source Files</Filter>
    </ClCompile>
    <ClCompile Include="..\..\Strategy\Common\VirtualRosbee.cpp">
      <Filter>Source Files</Filter>
    </ClCompile>
    <ClCompile Include="..\..\Strategy\Common\waypoint.cpp">
      <Filter>Source Files</Filter>
    </ClCompile>
    <ClCompile Include="..\..\Strategy\Common\dimension.cpp">
      <Filter>Source Files</Filter>
    </ClCompile>
    <ClCompile Include="..\..\Strategy\Common\route.cpp">
      <Filter>Source Files</Filter>
    </ClCompile>
    <ClCompile Include="..\..\Strategy\Common\VirtualATV.cpp">
      <Filter>Source Files</Filter>
    </ClCompile>
    <ClCompile Include="..\..\Strategy\Common\VirtualLidar.cpp">
      <Filter>Source Files</Filter>
    </ClCompile>
    <ClCompile Include="..\..\Strategy\Common\VirtualQuadCopter.cpp">
      <Filter>Source Files</Filter>
    </ClCompile>
    <ClCompile Include="..\..\Strategy\pathfinding\AreaCoverage\areacoveringalgorithm.cpp">
      <Filter>Source Files</Filter>
    </ClCompile>
    <ClCompile Include="..\..\Strategy\pathfinding\AStar\Container.cpp">
      <Filter>Source Files</Filter>
    </ClCompile>
    <ClCompile Include="..\..\Strategy\pathfinding\AStar\fsa.cpp">
      <Filter>Source Files</Filter>
    </ClCompile>
    <ClCompile Include="..\..\Strategy\pathfinding\AStar\MapSearchNode.cpp">
      <Filter>Source Files</Filter>
    </ClCompile>
    <ClCompile Include="..\..\Strategy\pathfinding\AStar\stlastar.cpp">
      <Filter>Source Files</Filter>
    </ClCompile>
    <ClCompile Include="..\..\Strategy\pathfinding\VSLAM\Container.cpp">
      <Filter>Source Files</Filter>
    </ClCompile>
    <ClCompile Include="..\..\Strategy\pathfinding\VSLAM\mapLogicVSLAM.cpp">
      <Filter>Source Files</Filter>
    </ClCompile>
    <ClCompile Include="..\..\Strategy\pathfinding\VSLAM\scanArea.cpp">
      <Filter>Source Files</Filter>
    </ClCompile>
    <ClCompile Include="..\..\Strategy\pathfinding\VSLAM\Test.cpp">
      <Filter>Source Files</Filter>
    </ClCompile>
    <ClCompile Include="..\..\Strategy\pathfinding\VSLAM\VSLAM.cpp">
      <Filter>Source Files</Filter>
    </ClCompile>
    <ClCompile Include="..\..\Strategy\pathfinding\Stop-them-spaces\aStar.cpp">
      <Filter>Source Files</Filter>
    </ClCompile>
    <ClCompile Include="..\..\Map\line.cpp">
      <Filter>Source Files</Filter>
    </ClCompile>
    <ClCompile Include="..\..\Map\mapFactory.cpp">
      <Filter>Source Files</Filter>
    </ClCompile>
    <ClCompile Include="..\..\Map\point.cpp">
      <Filter>Source Files</Filter>
    </ClCompile>
    <ClCompile Include="..\..\Map\polygon.cpp">
      <Filter>Source Files</Filter>
    </ClCompile>
    <ClCompile Include="..\..\Map\MapStructure\mapImplementation.cpp">
      <Filter>Source Files</Filter>
    </ClCompile>
    <ClCompile Include="..\..\Map\MapStructure\map.cpp">
      <Filter>Source Files</Filter>
    </ClCompile>
  </ItemGroup>
</Project>