<?xml version="1.0" encoding="utf-8"?>
<Project ToolsVersion="4.0" xmlns="http://schemas.microsoft.com/developer/msbuild/2003">
  <ItemGroup>
    <Filter Include="Source Files">
      <UniqueIdentifier>{4FC737F1-C7A5-4376-A066-2A32D752A2FF}</UniqueIdentifier>
      <Extensions>cpp;c;cc;cxx;def;odl;idl;hpj;bat;asm;asmx</Extensions>
    </Filter>
    <Filter Include="Header Files">
      <UniqueIdentifier>{93995380-89BD-4b04-88EB-625FBE52EBFB}</UniqueIdentifier>
      <Extensions>h;hh;hpp;hxx;hm;inl;inc;xsd</Extensions>
    </Filter>
    <Filter Include="Resource Files">
      <UniqueIdentifier>{67DA6AB6-F800-4c08-8B7A-83BB121AAD01}</UniqueIdentifier>
      <Extensions>rc;ico;cur;bmp;dlg;rc2;rct;bin;rgs;gif;jpg;jpeg;jpe;resx;tiff;tif;png;wav;mfcribbon-ms</Extensions>
    </Filter>
  </ItemGroup>
  <ItemGroup>
    <ClCompile Include="main.cpp">
      <Filter>Source Files</Filter>
    </ClCompile>
    <ClCompile Include="StrategyController.cpp">
      <Filter>Source Files</Filter>
    </ClCompile>
    <ClCompile Include="..\..\map\MapStructure\map.cpp">
      <Filter>Source Files</Filter>
    </ClCompile>
    <ClCompile Include="..\..\map\line.cpp">
      <Filter>Source Files</Filter>
    </ClCompile>
    <ClCompile Include="..\..\map\point.cpp">
      <Filter>Source Files</Filter>
    </ClCompile>
    <ClCompile Include="..\..\map\polygon.cpp">
      <Filter>Source Files</Filter>
    </ClCompile>
    <ClCompile Include="..\..\strategy\Common\ATV.cpp">
      <Filter>Source Files</Filter>
    </ClCompile>
    <ClCompile Include="..\..\strategy\Common\dimension.cpp">
      <Filter>Source Files</Filter>
    </ClCompile>
    <ClCompile Include="..\..\strategy\Common\QuadCopter.cpp">
      <Filter>Source Files</Filter>
    </ClCompile>
    <ClCompile Include="..\..\strategy\Common\route.cpp">
      <Filter>Source Files</Filter>
    </ClCompile>
    <ClCompile Include="..\..\strategy\Common\waypoint.cpp">
      <Filter>Source Files</Filter>
    </ClCompile>
    <ClCompile Include="..\..\strategy\pathfinding\VSLAM\VSLAM.cpp">
      <Filter>Source Files</Filter>
    </ClCompile>
    <ClCompile Include="..\..\strategy\pathfinding\VSLAM\Container.cpp">
      <Filter>Source Files</Filter>
    </ClCompile>
    <ClCompile Include="..\..\strategy\pathfinding\VSLAM\mapLogicVSLAM.cpp">
      <Filter>Source Files</Filter>
    </ClCompile>
    <ClCompile Include="..\..\strategy\pathfinding\AStar\MapSearchNode.cpp">
      <Filter>Source Files</Filter>
    </ClCompile>
    <ClCompile Include="..\..\strategy\pathfinding\AStar\Container.cpp">
      <Filter>Source Files</Filter>
    </ClCompile>
    <ClCompile Include="..\..\strategy\pathfinding\AStar Algorithm\aStar.cpp">
      <Filter>Source Files</Filter>
    </ClCompile>
    <ClCompile Include="..\..\strategy\pathfinding\AreaCoverage\areacoveringalgorithm.cpp">
      <Filter>Source Files</Filter>
    </ClCompile>
    <ClCompile Include="..\..\strategy\Common\virtualRosbee.cpp">
      <Filter>Source Files</Filter>
    </ClCompile>
    <ClCompile Include="..\..\strategy\Common\virtualLidar.cpp">
      <Filter>Source Files</Filter>
    </ClCompile>
  </ItemGroup>
  <ItemGroup>
    <ClInclude Include="StrategyController.h">
      <Filter>Header Files</Filter>
    </ClInclude>
    <ClInclude Include="..\..\map\MapStructure\map.hpp">
      <Filter>Header Files</Filter>
    </ClInclude>
    <ClInclude Include="..\..\map\MapStructure\mapImplementation.hpp">
      <Filter>Header Files</Filter>
    </ClInclude>
    <ClInclude Include="..\..\map\line.hpp">
      <Filter>Header Files</Filter>
    </ClInclude>
    <ClInclude Include="..\..\map\point.hpp">
      <Filter>Header Files</Filter>
    </ClInclude>
    <ClInclude Include="..\..\map\polygon.h">
      <Filter>Header Files</Filter>
    </ClInclude>
    <ClInclude Include="..\..\strategy\Common\ATV.h">
      <Filter>Header Files</Filter>
    </ClInclude>
    <ClInclude Include="..\..\strategy\Common\dimension.h">
      <Filter>Header Files</Filter>
    </ClInclude>
    <ClInclude Include="..\..\strategy\Common\QuadCopter.h">
      <Filter>Header Files</Filter>
    </ClInclude>
    <ClInclude Include="..\..\strategy\Common\route.h">
      <Filter>Header Files</Filter>
    </ClInclude>
    <ClInclude Include="..\..\strategy\Common\waypoint.h">
      <Filter>Header Files</Filter>
    </ClInclude>
    <ClInclude Include="..\..\strategy\pathfinding\VSLAM\VSLAM.h">
      <Filter>Header Files</Filter>
    </ClInclude>
    <ClInclude Include="..\..\strategy\pathfinding\VSLAM\Container.h">
      <Filter>Header Files</Filter>
    </ClInclude>
    <ClInclude Include="..\..\strategy\pathfinding\VSLAM\mapLogicVSLAM.h">
      <Filter>Header Files</Filter>
    </ClInclude>
    <ClInclude Include="..\..\strategy\pathfinding\AStar\fsa.h">
      <Filter>Header Files</Filter>
    </ClInclude>
    <ClInclude Include="..\..\strategy\pathfinding\AStar\MapSearchNode.h">
      <Filter>Header Files</Filter>
    </ClInclude>
    <ClInclude Include="..\..\strategy\pathfinding\AStar\stlastar.h">
      <Filter>Header Files</Filter>
    </ClInclude>
    <ClInclude Include="..\..\strategy\pathfinding\AStar\AstarSearch.h">
      <Filter>Header Files</Filter>
    </ClInclude>
    <ClInclude Include="..\..\strategy\pathfinding\AStar\Container.h">
      <Filter>Header Files</Filter>
    </ClInclude>
    <ClInclude Include="..\..\strategy\pathfinding\AStar Algorithm\aStar.h">
      <Filter>Header Files</Filter>
    </ClInclude>
    <ClInclude Include="..\..\strategy\pathfinding\AreaCoverage\areacoveringalgorithm.h">
      <Filter>Header Files</Filter>
    </ClInclude>
    <ClInclude Include="..\..\Strategy\Common\virtualRosbee.h">
      <Filter>Header Files</Filter>
    </ClInclude>
    <ClInclude Include="..\..\strategy\Common\virtualLidar.h">
      <Filter>Header Files</Filter>
    </ClInclude>
  </ItemGroup>
</Project>