<?xml version="1.0" encoding="utf-8"?>
<Project ToolsVersion="4.0" xmlns="http://schemas.microsoft.com/developer/msbuild/2003">
  <ItemGroup>
    <Filter Include="Header Files">
      <UniqueIdentifier>{93995380-89BD-4b04-88EB-625FBE52EBFB}</UniqueIdentifier>
      <Extensions>h;hpp;hxx;hm;inl;inc;xsd</Extensions>
    </Filter>
    <Filter Include="Header Files">
      <UniqueIdentifier>{93995380-89BD-4b04-88EB-625FBE52EBFB}</UniqueIdentifier>
      <Extensions>h;hpp;hxx;hm;inl;inc;xsd</Extensions>
    </Filter>
    <Filter Include="Source Files">
      <UniqueIdentifier>{4FC737F1-C7A5-4376-A066-2A32D752A2FF}</UniqueIdentifier>
      <Extensions>cpp;c;cxx;def;odl;idl;hpj;bat;asm;asmx</Extensions>
    </Filter>
    <Filter Include="Source Files">
      <UniqueIdentifier>{4FC737F1-C7A5-4376-A066-2A32D752A2FF}</UniqueIdentifier>
      <Extensions>cpp;c;cxx;def;odl;idl;hpj;bat;asm;asmx</Extensions>
    </Filter>
  </ItemGroup>
  <ItemGroup>
    <ClCompile Include="areacoveringalgorithm.cpp">
      <Filter>Source Files</Filter>
    </ClCompile>
    <ClCompile Include="arraymap.cpp">
      <Filter>Source Files</Filter>
    </ClCompile>
    <ClCompile Include="databaseconnector.cpp">
      <Filter>Source Files</Filter>
    </ClCompile>
    <ClCompile Include="dimension.cpp">
      <Filter>Source Files</Filter>
    </ClCompile>
    <ClCompile Include="main.cpp">
      <Filter>Source Files</Filter>
    </ClCompile>
    <ClCompile Include="point.cpp">
      <Filter>Source Files</Filter>
    </ClCompile>
    <ClCompile Include="route.cpp">
      <Filter>Source Files</Filter>
    </ClCompile>
    <ClCompile Include="testcopter.cpp">
      <Filter>Source Files</Filter>
    </ClCompile>
    <ClCompile Include="waypoint.cpp">
      <Filter>Source Files</Filter>
    </ClCompile>
  </ItemGroup>
  <ItemGroup>
    <ClInclude Include="areacoveringalgorithm.h">
      <Filter>Header Files</Filter>
    </ClInclude>
    <ClInclude Include="arraymap.h">
      <Filter>Header Files</Filter>
    </ClInclude>
    <ClInclude Include="databaseconnector.h">
      <Filter>Header Files</Filter>
    </ClInclude>
    <ClInclude Include="dimension.h">
      <Filter>Header Files</Filter>
    </ClInclude>
    <ClInclude Include="point.hpp">
      <Filter>Header Files</Filter>
    </ClInclude>
    <ClInclude Include="route.h">
      <Filter>Header Files</Filter>
    </ClInclude>
    <ClInclude Include="testcopter.h">
      <Filter>Header Files</Filter>
    </ClInclude>
    <ClInclude Include="waypoint.h">
      <Filter>Header Files</Filter>
    </ClInclude>
  </ItemGroup>
</Project>